
Microsoft Visual Studio Solution File, Format Version 12.00
# Visual Studio 2013
VisualStudioVersion = 12.0.31101.0
MinimumVisualStudioVersion = 10.0.40219.1
Project("{FAE04EC0-301F-11D3-BF4B-00C04F79EFBC}") = "Client", "Client\Client.csproj", "{E6068A16-5FC8-46CA-BBA2-1EA0E17667DB}"
EndProject
Project("{FAE04EC0-301F-11D3-BF4B-00C04F79EFBC}") = "Admin", "Admin\Admin.csproj", "{A6DD9DE5-4108-468D-9F06-3BE13DD95593}"
EndProject
Project("{2150E333-8FDC-42A3-9474-1A3956D46DE8}") = ".nuget", ".nuget", "{7DF950DD-8C51-4ED6-BD74-7794CF7C4347}"
	ProjectSection(SolutionItems) = preProject
		.nuget\NuGet.Config = .nuget\NuGet.Config
		.nuget\NuGet.exe = .nuget\NuGet.exe
		.nuget\NuGet.targets = .nuget\NuGet.targets
	EndProjectSection
EndProject
Global
	GlobalSection(SolutionConfigurationPlatforms) = preSolution
		Debug|Any CPU = Debug|Any CPU
		Release|Any CPU = Release|Any CPU
	EndGlobalSection
	GlobalSection(ProjectConfigurationPlatforms) = postSolution
		{E6068A16-5FC8-46CA-BBA2-1EA0E17667DB}.Debug|Any CPU.ActiveCfg = Debug|Any CPU
		{E6068A16-5FC8-46CA-BBA2-1EA0E17667DB}.Debug|Any CPU.Build.0 = Debug|Any CPU
		{E6068A16-5FC8-46CA-BBA2-1EA0E17667DB}.Release|Any CPU.ActiveCfg = Release|Any CPU
		{E6068A16-5FC8-46CA-BBA2-1EA0E17667DB}.Release|Any CPU.Build.0 = Release|Any CPU
		{A6DD9DE5-4108-468D-9F06-3BE13DD95593}.Debug|Any CPU.ActiveCfg = Debug|Any CPU
		{A6DD9DE5-4108-468D-9F06-3BE13DD95593}.Debug|Any CPU.Build.0 = Debug|Any CPU
		{A6DD9DE5-4108-468D-9F06-3BE13DD95593}.Release|Any CPU.ActiveCfg = Release|Any CPU
		{A6DD9DE5-4108-468D-9F06-3BE13DD95593}.Release|Any CPU.Build.0 = Release|Any CPU
	EndGlobalSection
	GlobalSection(SolutionProperties) = preSolution
		HideSolutionNode = FALSE
	EndGlobalSection
EndGlobal
